
Microsoft Visual Studio Solution File, Format Version 12.00
# Visual Studio Version 17
VisualStudioVersion = 17.14.36616.10
MinimumVisualStudioVersion = 10.0.40219.1
Project("{FAE04EC0-301F-11D3-BF4B-00C04F79EFBC}") = "AutoDownloader.Core", "AutoDownloader.Core\AutoDownloader.Core.csproj", "{324B06B2-CEEC-49E5-AB12-302FBFE12324}"
EndProject
Project("{FAE04EC0-301F-11D3-BF4B-00C04F79EFBC}") = "AutoDownloader.UI", "AutoDownloader.UI\AutoDownloader.UI.csproj", "{BFD59427-252C-4CCF-9792-1239CF0062A4}"
EndProject
Project("{FAE04EC0-301F-11D3-BF4B-00C04F79EFBC}") = "AutoDownloader.Services", "AutoDownloader.Services\AutoDownloader.Services.csproj", "{CE84B98F-E084-41AD-97BB-0688791CE773}"
EndProject
Project("{FAE04EC0-301F-11D3-BF4B-00C04F79EFBC}") = "AutoDownloader.Tests", "AutoDownloader.Tests\AutoDownloader.Tests.csproj", "{490C92E1-82D8-48EC-B124-033B3F60C293}"
EndProject
Project("{FAE04EC0-301F-11D3-BF4B-00C04F79EFBC}") = "AutoDownloader.Cli", "AutoDownloader.Cli\AutoDownloader.Cli.csproj", "{8A16A8AA-BAC0-436C-B944-0E752D10F002}"
EndProject
Global
	GlobalSection(SolutionConfigurationPlatforms) = preSolution
		Debug|Any CPU = Debug|Any CPU
		Debug|x64 = Debug|x64
		Debug|x86 = Debug|x86
		Release|Any CPU = Release|Any CPU
		Release|x64 = Release|x64
		Release|x86 = Release|x86
	EndGlobalSection
	GlobalSection(ProjectConfigurationPlatforms) = postSolution
		{324B06B2-CEEC-49E5-AB12-302FBFE12324}.Debug|Any CPU.ActiveCfg = Debug|Any CPU
		{324B06B2-CEEC-49E5-AB12-302FBFE12324}.Debug|Any CPU.Build.0 = Debug|Any CPU
		{324B06B2-CEEC-49E5-AB12-302FBFE12324}.Debug|x64.ActiveCfg = Debug|Any CPU
		{324B06B2-CEEC-49E5-AB12-302FBFE12324}.Debug|x64.Build.0 = Debug|Any CPU
		{324B06B2-CEEC-49E5-AB12-302FBFE12324}.Debug|x86.ActiveCfg = Debug|Any CPU
		{324B06B2-CEEC-49E5-AB12-302FBFE12324}.Debug|x86.Build.0 = Debug|Any CPU
		{324B06B2-CEEC-49E5-AB12-302FBFE12324}.Release|Any CPU.ActiveCfg = Release|Any CPU
		{324B06B2-CEEC-49E5-AB12-302FBFE12324}.Release|Any CPU.Build.0 = Release|Any CPU
		{324B06B2-CEEC-49E5-AB12-302FBFE12324}.Release|x64.ActiveCfg = Release|Any CPU
		{324B06B2-CEEC-49E5-AB12-302FBFE12324}.Release|x64.Build.0 = Release|Any CPU
		{324B06B2-CEEC-49E5-AB12-302FBFE12324}.Release|x86.ActiveCfg = Release|Any CPU
		{324B06B2-CEEC-49E5-AB12-302FBFE12324}.Release|x86.Build.0 = Release|Any CPU
		{BFD59427-252C-4CCF-9792-1239CF0062A4}.Debug|Any CPU.ActiveCfg = Debug|Any CPU
		{BFD59427-252C-4CCF-9792-1239CF0062A4}.Debug|Any CPU.Build.0 = Debug|Any CPU
		{BFD59427-252C-4CCF-9792-1239CF0062A4}.Debug|x64.ActiveCfg = Debug|Any CPU
		{BFD59427-252C-4CCF-9792-1239CF0062A4}.Debug|x64.Build.0 = Debug|Any CPU
		{BFD59427-252C-4CCF-9792-1239CF0062A4}.Debug|x86.ActiveCfg = Debug|Any CPU
		{BFD59427-252C-4CCF-9792-1239CF0062A4}.Debug|x86.Build.0 = Debug|Any CPU
		{BFD59427-252C-4CCF-9792-1239CF0062A4}.Release|Any CPU.ActiveCfg = Release|Any CPU
		{BFD59427-252C-4CCF-9792-1239CF0062A4}.Release|Any CPU.Build.0 = Release|Any CPU
		{BFD59427-252C-4CCF-9792-1239CF0062A4}.Release|x64.ActiveCfg = Release|Any CPU
		{BFD59427-252C-4CCF-9792-1239CF0062A4}.Release|x64.Build.0 = Release|Any CPU
		{BFD59427-252C-4CCF-9792-1239CF0062A4}.Release|x86.ActiveCfg = Release|Any CPU
		{BFD59427-252C-4CCF-9792-1239CF0062A4}.Release|x86.Build.0 = Release|Any CPU
		{CE84B98F-E084-41AD-97BB-0688791CE773}.Debug|Any CPU.ActiveCfg = Debug|Any CPU
		{CE84B98F-E084-41AD-97BB-0688791CE773}.Debug|Any CPU.Build.0 = Debug|Any CPU
		{CE84B98F-E084-41AD-97BB-0688791CE773}.Debug|x64.ActiveCfg = Debug|Any CPU
		{CE84B98F-E084-41AD-97BB-0688791CE773}.Debug|x64.Build.0 = Debug|Any CPU
		{CE84B98F-E084-41AD-97BB-0688791CE773}.Debug|x86.ActiveCfg = Debug|Any CPU
		{CE84B98F-E084-41AD-97BB-0688791CE773}.Debug|x86.Build.0 = Debug|Any CPU
		{CE84B98F-E084-41AD-97BB-0688791CE773}.Release|Any CPU.ActiveCfg = Release|Any CPU
		{CE84B98F-E084-41AD-97BB-0688791CE773}.Release|Any CPU.Build.0 = Release|Any CPU
		{CE84B98F-E084-41AD-97BB-0688791CE773}.Release|x64.ActiveCfg = Release|Any CPU
		{CE84B98F-E084-41AD-97BB-0688791CE773}.Release|x64.Build.0 = Release|Any CPU
		{CE84B98F-E084-41AD-97BB-0688791CE773}.Release|x86.ActiveCfg = Release|Any CPU
		{CE84B98F-E084-41AD-97BB-0688791CE773}.Release|x86.Build.0 = Release|Any CPU
		{490C92E1-82D8-48EC-B124-033B3F60C293}.Debug|Any CPU.ActiveCfg = Debug|Any CPU
		{490C92E1-82D8-48EC-B124-033B3F60C293}.Debug|Any CPU.Build.0 = Debug|Any CPU
		{490C92E1-82D8-48EC-B124-033B3F60C293}.Debug|x64.ActiveCfg = Debug|Any CPU
		{490C92E1-82D8-48EC-B124-033B3F60C293}.Debug|x64.Build.0 = Debug|Any CPU
		{490C92E1-82D8-48EC-B124-033B3F60C293}.Debug|x86.ActiveCfg = Debug|Any CPU
		{490C92E1-82D8-48EC-B124-033B3F60C293}.Debug|x86.Build.0 = Debug|Any CPU
		{490C92E1-82D8-48EC-B124-033B3F60C293}.Release|Any CPU.ActiveCfg = Release|Any CPU
		{490C92E1-82D8-48EC-B124-033B3F60C293}.Release|Any CPU.Build.0 = Release|Any CPU
		{490C92E1-82D8-48EC-B124-033B3F60C293}.Release|x64.ActiveCfg = Release|Any CPU
		{490C92E1-82D8-48EC-B124-033B3F60C293}.Release|x64.Build.0 = Release|Any CPU
		{490C92E1-82D8-48EC-B124-033B3F60C293}.Release|x86.ActiveCfg = Release|Any CPU
		{490C92E1-82D8-48EC-B124-033B3F60C293}.Release|x86.Build.0 = Release|Any CPU
		{8A16A8AA-BAC0-436C-B944-0E752D10F002}.Debug|Any CPU.ActiveCfg = Debug|Any CPU
		{8A16A8AA-BAC0-436C-B944-0E752D10F002}.Debug|Any CPU.Build.0 = Debug|Any CPU
		{8A16A8AA-BAC0-436C-B944-0E752D10F002}.Debug|x64.ActiveCfg = Debug|Any CPU
		{8A16A8AA-BAC0-436C-B944-0E752D10F002}.Debug|x64.Build.0 = Debug|Any CPU
		{8A16A8AA-BAC0-436C-B944-0E752D10F002}.Debug|x86.ActiveCfg = Debug|Any CPU
		{8A16A8AA-BAC0-436C-B944-0E752D10F002}.Debug|x86.Build.0 = Debug|Any CPU
		{8A16A8AA-BAC0-436C-B944-0E752D10F002}.Release|Any CPU.ActiveCfg = Release|Any CPU
		{8A16A8AA-BAC0-436C-B944-0E752D10F002}.Release|Any CPU.Build.0 = Release|Any CPU
		{8A16A8AA-BAC0-436C-B944-0E752D10F002}.Release|x64.ActiveCfg = Release|Any CPU
		{8A16A8AA-BAC0-436C-B944-0E752D10F002}.Release|x64.Build.0 = Release|Any CPU
		{8A16A8AA-BAC0-436C-B944-0E752D10F002}.Release|x86.ActiveCfg = Release|Any CPU
		{8A16A8AA-BAC0-436C-B944-0E752D10F002}.Release|x86.Build.0 = Release|Any CPU
	EndGlobalSection
	GlobalSection(SolutionProperties) = preSolution
		HideSolutionNode = FALSE
	EndGlobalSection
	GlobalSection(ExtensibilityGlobals) = postSolution
		SolutionGuid = {45484670-8993-4F7B-9234-2091FD2688F9}
	EndGlobalSection
EndGlobal
